
Microsoft Visual Studio Solution File, Format Version 12.00
# Visual Studio Version 17
VisualStudioVersion = 17.2.32602.215
MinimumVisualStudioVersion = 10.0.40219.1
Project("{FAE04EC0-301F-11D3-BF4B-00C04F79EFBC}") = "RPCLeo.RPCCLient", "RPCLeo.RPCCLient\RPCLeo.RPCCLient.csproj", "{824944D3-BBB7-4C77-ABA7-D8CE64F9D5C1}"
EndProject
Global
	GlobalSection(SolutionConfigurationPlatforms) = preSolution
		Debug|Any CPU = Debug|Any CPU
		Release|Any CPU = Release|Any CPU
	EndGlobalSection
	GlobalSection(ProjectConfigurationPlatforms) = postSolution
		{824944D3-BBB7-4C77-ABA7-D8CE64F9D5C1}.Debug|Any CPU.ActiveCfg = Debug|Any CPU
		{824944D3-BBB7-4C77-ABA7-D8CE64F9D5C1}.Debug|Any CPU.Build.0 = Debug|Any CPU
		{824944D3-BBB7-4C77-ABA7-D8CE64F9D5C1}.Release|Any CPU.ActiveCfg = Release|Any CPU
		{824944D3-BBB7-4C77-ABA7-D8CE64F9D5C1}.Release|Any CPU.Build.0 = Release|Any CPU
	EndGlobalSection
	GlobalSection(SolutionProperties) = preSolution
		HideSolutionNode = FALSE
	EndGlobalSection
	GlobalSection(ExtensibilityGlobals) = postSolution
		SolutionGuid = {E45B5F06-91E2-4929-BD4D-07FA8D0FBF54}
	EndGlobalSection
EndGlobal
